
Microsoft Visual Studio Solution File, Format Version 12.00
# Visual Studio 15
VisualStudioVersion = 15.0.28307.421
MinimumVisualStudioVersion = 10.0.40219.1
Project("{8BC9CEB8-8B4A-11D0-8D11-00A0C91BC942}") = "САИПИС_КУРСОВОЙ", "САИПИС_КУРСОВОЙ\САИПИС_КУРСОВОЙ.vcxproj", "{48814AA2-AA5B-477D-BE55-27A08F23A56C}"
EndProject
Global
	GlobalSection(SolutionConfigurationPlatforms) = preSolution
		Debug|x64 = Debug|x64
		Debug|x86 = Debug|x86
		Release|x64 = Release|x64
		Release|x86 = Release|x86
	EndGlobalSection
	GlobalSection(ProjectConfigurationPlatforms) = postSolution
		{48814AA2-AA5B-477D-BE55-27A08F23A56C}.Debug|x64.ActiveCfg = Debug|x64
		{48814AA2-AA5B-477D-BE55-27A08F23A56C}.Debug|x64.Build.0 = Debug|x64
		{48814AA2-AA5B-477D-BE55-27A08F23A56C}.Debug|x86.ActiveCfg = Debug|Win32
		{48814AA2-AA5B-477D-BE55-27A08F23A56C}.Debug|x86.Build.0 = Debug|Win32
		{48814AA2-AA5B-477D-BE55-27A08F23A56C}.Release|x64.ActiveCfg = Release|x64
		{48814AA2-AA5B-477D-BE55-27A08F23A56C}.Release|x64.Build.0 = Release|x64
		{48814AA2-AA5B-477D-BE55-27A08F23A56C}.Release|x86.ActiveCfg = Release|Win32
		{48814AA2-AA5B-477D-BE55-27A08F23A56C}.Release|x86.Build.0 = Release|Win32
	EndGlobalSection
	GlobalSection(SolutionProperties) = preSolution
		HideSolutionNode = FALSE
	EndGlobalSection
	GlobalSection(ExtensibilityGlobals) = postSolution
		SolutionGuid = {4CF32C69-7804-4623-982E-5D9D005A5A64}
	EndGlobalSection
EndGlobal
